# THIS IS AN AUTOGENERATED FILE. DO NOT EDIT THIS FILE DIRECTLY.
# yarn lockfile v1


"@jridgewell/sourcemap-codec@^1.4.13":
  version "1.5.5"
  resolved "https://registry.yarnpkg.com/@jridgewell/sourcemap-codec/-/sourcemap-codec-1.5.5.tgz#6912b00d2c631c0d15ce1a7ab57cd657f2a8f8ba"
  integrity sha512-cYQ9310grqxueWbl+WuIUIaiUaDcj7WOq5fVhEljNVgRfOUhY9fy2zTvfoqWsnebh8Sl70VScFbICvJnLKB0Og==

"@originjs/vite-plugin-federation@^1.4.1":
  version "1.4.1"
  resolved "https://registry.yarnpkg.com/@originjs/vite-plugin-federation/-/vite-plugin-federation-1.4.1.tgz#e6abc8f18f2cf82783eb87853f4d03e6358b43c2"
  integrity sha512-Uo08jW5pj1t58OUKuZNkmzcfTN2pqeVuAWCCiKf/75/oll4Efq4cHOqSE1FXMlvwZNGDziNdDyBbQ5IANem3CQ==
  dependencies:
    estree-walker "^3.0.2"
    magic-string "^0.27.0"

"@turbo/darwin-64@2.9.18":
  version "2.9.18"
  resolved "https://registry.yarnpkg.com/@turbo/darwin-64/-/darwin-64-2.9.18.tgz#766c16a0b71b6ccb110ac02eba78188a284b2b5e"
  integrity sha512-9f27peFu16ur8c0v9nUFUEyBnbKuuFsUTjHFWfmwGfzySBXbHwzU44QhZon6Mznz0cHsIr3984NQj/bVrnGSRw==

"@turbo/darwin-arm64@2.9.18":
  version "2.9.18"
  resolved "https://registry.yarnpkg.com/@turbo/darwin-arm64/-/darwin-arm64-2.9.18.tgz#1f01eddec1d7da3ddd90d1636c1377ecb19e58cc"
  integrity sha512-9A6TMRq/Ib+QnbhLlgkhOm+624wO4pzSQ/yQviQfWHOlFvaYxdnIAYmu2H6TS6y7kSVL0DvzNe04NbESTOzFVQ==

"@turbo/linux-64@2.9.18":
  version "2.9.18"
  resolved "https://registry.yarnpkg.com/@turbo/linux-64/-/linux-64-2.9.18.tgz#514e12354f96bcbed617e0983115ac9bc6df36c4"
  integrity sha512-zCdIDtz69AnbYh913elJRRoF3QY5aa2HNnf+4rAkc7bQ+tWujiDkCNV7stazOUPggaDvhKIf2Z87qHftTeXSkw==

"@turbo/linux-arm64@2.9.18":
  version "2.9.18"
  resolved "https://registry.yarnpkg.com/@turbo/linux-arm64/-/linux-arm64-2.9.18.tgz#35e789eff3ca162193a5743c422ccf05ad21f05f"
  integrity sha512-Va1kXI04naMgYwqv/5Dfa36dTDx8015U7oaQAjrXa45ua9OoFjSV4OmvkML4EmXvUclQHCiBRbY8bvd0jV7eAg==

"@turbo/windows-64@2.9.18":
  version "2.9.18"
  resolved "https://registry.yarnpkg.com/@turbo/windows-64/-/windows-64-2.9.18.tgz#d000e62924ec70fd7b5c5f423fcdbb722b66c39a"
  integrity sha512-m0kDhZANxSNz9ck1ybogFscHabriAsp4eDFNrN/1H5WrgTF7b3VlcPZnhuO3v2+E2KnCbeAc+UUT10BZZHdDKw==

"@turbo/windows-arm64@2.9.18":
  version "2.9.18"
  resolved "https://registry.yarnpkg.com/@turbo/windows-arm64/-/windows-arm64-2.9.18.tgz#e587c7481df0ed064abf86a402eab25811f9e200"
  integrity sha512-nUdR8WqoomUys9iIQmG45TMiizJ+5BV8egSeLLZba/AWblyp3fVBcIH1kSE58OtK4g2YzbMJEth6Ttv9w5rqMA==

"@types/estree@^1.0.0":
  version "1.0.9"
  resolved "https://registry.yarnpkg.com/@types/estree/-/estree-1.0.9.tgz#cf3f0e876d7bee15a93ab925b82bf570a3904a24"
  integrity sha512-GhdPgy1el4/ImP05X05Uw4cw2/M93BCUmnEvWZNStlCzEKME4Fkk+YpoA5OiHNQmoS7Cafb8Xa3Pya8m1Qrzeg==

estree-walker@^3.0.2:
  version "3.0.3"
  resolved "https://registry.yarnpkg.com/estree-walker/-/estree-walker-3.0.3.tgz#67c3e549ec402a487b4fc193d1953a524752340d"
  integrity sha512-7RUKfXgSMMkzt6ZuXmqapOurLGPPfgj6l9uRZ7lRGolvk0y2yocc35LdcxKC5PQZdn2DMqioAQ2NoWcrTKmm6g==
  dependencies:
    "@types/estree" "^1.0.0"

magic-string@^0.27.0:
  version "0.27.0"
  resolved "https://registry.yarnpkg.com/magic-string/-/magic-string-0.27.0.tgz#e4a3413b4bab6d98d2becffd48b4a257effdbbf3"
  integrity sha512-8UnnX2PeRAPZuN12svgR9j7M1uWMovg/CEnIwIG0LFkXSJJe4PdfUGiTGl8V9bsBHFUtfVINcSyYxd7q+kx9fA==
  dependencies:
    "@jridgewell/sourcemap-codec" "^1.4.13"

prettier@^3.7.4:
  version "3.8.4"
  resolved "https://registry.yarnpkg.com/prettier/-/prettier-3.8.4.tgz#f334f013ac04a96676f24dabc23c1c4ae1bae411"
  integrity sha512-N2MylSdi48+5N/6S5j+maeHbUSIzzZ5uOcX5Hm4QpV8Dkb1HFjfAKTKX6yNPJQD9AhcT3ifHNB66tWTTJDi11Q==

turbo@^2.9.18:
  version "2.9.18"
  resolved "https://registry.yarnpkg.com/turbo/-/turbo-2.9.18.tgz#d404644a129a8af8080a65f3499e0a5575af89b4"
  integrity sha512-bwabv6PupzeavybzEoArBAkwq5fnzwf8OFnRtpHwnviFWuwJPFxtyH+aVp36TmIqK3aYYgtTJ3J0m2ysxxSzQg==
  optionalDependencies:
    "@turbo/darwin-64" "2.9.18"
    "@turbo/darwin-arm64" "2.9.18"
    "@turbo/linux-64" "2.9.18"
    "@turbo/linux-arm64" "2.9.18"
    "@turbo/windows-64" "2.9.18"
    "@turbo/windows-arm64" "2.9.18"

typescript@5.9.2:
  version "5.9.2"
  resolved "https://registry.yarnpkg.com/typescript/-/typescript-5.9.2.tgz#d93450cddec5154a2d5cabe3b8102b83316fb2a6"
  integrity sha512-CWBzXQrc/qOkhidw1OzBTQuYRbfyxDXJMVJ1XNwUHGROVmuaeiEm3OslpZ1RV96d7SKKjZKrSJu3+t/xlw3R9A==
